// !$*UTF8*$!
{
	archiveVersion = 1;
	classes = {
	};
	objectVersion = 53;
	objects = {

/* Begin PBXBuildFile section */
		861E6ECA2953789B00443F12 /* AppDelegate.swift in Sources */ = {isa = PBXBuildFile; fileRef = 861E6EC92953789B00443F12 /* AppDelegate.swift */; };
		861E6ECC2953789B00443F12 /* SceneDelegate.swift in Sources */ = {isa = PBXBuildFile; fileRef = 861E6ECB2953789B00443F12 /* SceneDelegate.swift */; };
		861E6ECE2953789B00443F12 /* ViewController.swift in Sources */ = {isa = PBXBuildFile; fileRef = 861E6ECD2953789B00443F12 /* ViewController.swift */; };
		861E6ED32953789D00443F12 /* Assets.xcassets in Resources */ = {isa = PBXBuildFile; fileRef = 861E6ED22953789D00443F12 /* Assets.xcassets */; };
		861E6ED62953789D00443F12 /* LaunchScreen.storyboard in Resources */ = {isa = PBXBuildFile; fileRef = 861E6ED42953789D00443F12 /* LaunchScreen.storyboard */; };
		861E6EE12953789D00443F12 /* AceliteTests.swift in Sources */ = {isa = PBXBuildFile; fileRef = 861E6EE02953789D00443F12 /* AceliteTests.swift */; };
		861E6EEB2953789D00443F12 /* AceliteUITests.swift in Sources */ = {isa = PBXBuildFile; fileRef = 861E6EEA2953789D00443F12 /* AceliteUITests.swift */; };
		861E6EED2953789D00443F12 /* AceliteUITestsLaunchTests.swift in Sources */ = {isa = PBXBuildFile; fileRef = 861E6EEC2953789D00443F12 /* AceliteUITestsLaunchTests.swift */; };
		861E6EFC29561D1A00443F12 /* VehicalInformationViewController.swift in Sources */ = {isa = PBXBuildFile; fileRef = 861E6EFB29561D1A00443F12 /* VehicalInformationViewController.swift */; };
		861E6EFF2957733000443F12 /* MainViewController.swift in Sources */ = {isa = PBXBuildFile; fileRef = 861E6EFE2957733000443F12 /* MainViewController.swift */; };
		861E6F012957736700443F12 /* SideMenuViewController.swift in Sources */ = {isa = PBXBuildFile; fileRef = 861E6F002957736700443F12 /* SideMenuViewController.swift */; };
		861E6F032957737D00443F12 /* SideMenuModel.swift in Sources */ = {isa = PBXBuildFile; fileRef = 861E6F022957737D00443F12 /* SideMenuModel.swift */; };
		861E6F07295773C100443F12 /* SideMenuCell.swift in Sources */ = {isa = PBXBuildFile; fileRef = 861E6F05295773C100443F12 /* SideMenuCell.swift */; };
		861E6F08295773C100443F12 /* SideMenuCell.xib in Resources */ = {isa = PBXBuildFile; fileRef = 861E6F06295773C100443F12 /* SideMenuCell.xib */; };
		861E6F0A295778A100443F12 /* Main.storyboard in Resources */ = {isa = PBXBuildFile; fileRef = 861E6F09295778A000443F12 /* Main.storyboard */; };
		861E6F0D295E08B300443F12 /* ScannerViewController.swift in Sources */ = {isa = PBXBuildFile; fileRef = 861E6F0C295E08B300443F12 /* ScannerViewController.swift */; };
		861E6F11295E118000443F12 /* CoreBluetooth.framework in Frameworks */ = {isa = PBXBuildFile; fileRef = 861E6F10295E118000443F12 /* CoreBluetooth.framework */; };
		861E6F13295E11BE00443F12 /* ScanBleDevicesViewController.swift in Sources */ = {isa = PBXBuildFile; fileRef = 861E6F12295E11BE00443F12 /* ScanBleDevicesViewController.swift */; };
		8639046829940178008D5A0A /* Themes+Colors.swift in Sources */ = {isa = PBXBuildFile; fileRef = 8639046729940178008D5A0A /* Themes+Colors.swift */; };
		8639046A299557B2008D5A0A /* DataManager.swift in Sources */ = {isa = PBXBuildFile; fileRef = 86390469299557B2008D5A0A /* DataManager.swift */; };
		8639046C29957ED1008D5A0A /* AceLiteBleWriteCallback.swift in Sources */ = {isa = PBXBuildFile; fileRef = 8639046B29957ED0008D5A0A /* AceLiteBleWriteCallback.swift */; };
		8639046E29957F43008D5A0A /* AceLiteBleNotifyCallback.swift in Sources */ = {isa = PBXBuildFile; fileRef = 8639046D29957F43008D5A0A /* AceLiteBleNotifyCallback.swift */; };
		86636DC729785A14001240FB /* BluetoothServices.swift in Sources */ = {isa = PBXBuildFile; fileRef = 86636DC629785A14001240FB /* BluetoothServices.swift */; };
		86636DC9297B0AA2001240FB /* TerminalViewController.swift in Sources */ = {isa = PBXBuildFile; fileRef = 86636DC8297B0AA2001240FB /* TerminalViewController.swift */; };
		866CDB492982E80400ADFB50 /* Apollo in Frameworks */ = {isa = PBXBuildFile; productRef = 866CDB482982E80400ADFB50 /* Apollo */; };
		866CDB4C2982F63700ADFB50 /* VehicalDetailsModel.swift in Sources */ = {isa = PBXBuildFile; fileRef = 866CDB4B2982F63700ADFB50 /* VehicalDetailsModel.swift */; };
		866CDB4F2982FC1200ADFB50 /* BuildConfig.swift in Sources */ = {isa = PBXBuildFile; fileRef = 866CDB4E2982FC1200ADFB50 /* BuildConfig.swift */; };
		866CDB512982FCC100ADFB50 /* Constants.swift in Sources */ = {isa = PBXBuildFile; fileRef = 866CDB502982FCC100ADFB50 /* Constants.swift */; };
		866CDB542982FD3400ADFB50 /* AceLiteServices.swift in Sources */ = {isa = PBXBuildFile; fileRef = 866CDB532982FD3400ADFB50 /* AceLiteServices.swift */; };
		866CDB57298AD3BE00ADFB50 /* schema.json in Resources */ = {isa = PBXBuildFile; fileRef = 866CDB56298AD3BE00ADFB50 /* schema.json */; };
		866CDB5A298AD44400ADFB50 /* Queries.graphql in Resources */ = {isa = PBXBuildFile; fileRef = 866CDB59298AD44400ADFB50 /* Queries.graphql */; };
		866CDB5C298AD4B600ADFB50 /* API.swift in Sources */ = {isa = PBXBuildFile; fileRef = 866CDB5B298AD4B600ADFB50 /* API.swift */; };
		866CDB61298C206E00ADFB50 /* VehicleInformationViewModel.swift in Sources */ = {isa = PBXBuildFile; fileRef = 866CDB60298C206E00ADFB50 /* VehicleInformationViewModel.swift */; };
		866CDB65298CB02700ADFB50 /* SpinnerViewController.swift in Sources */ = {isa = PBXBuildFile; fileRef = 866CDB64298CB02700ADFB50 /* SpinnerViewController.swift */; };
		866CDB6A298D743E00ADFB50 /* TestViewModel.swift in Sources */ = {isa = PBXBuildFile; fileRef = 866CDB69298D743E00ADFB50 /* TestViewModel.swift */; };
		867B608029A937CE0050411C /* ExportAsCSV.swift in Sources */ = {isa = PBXBuildFile; fileRef = 867B607F29A937CE0050411C /* ExportAsCSV.swift */; };
		867BBF7929673D7400DC4842 /* AceliteColors.swift in Sources */ = {isa = PBXBuildFile; fileRef = 867BBF7829673D7400DC4842 /* AceliteColors.swift */; };
		867BBF7B296744CD00DC4842 /* AceliteConstants.swift in Sources */ = {isa = PBXBuildFile; fileRef = 867BBF7A296744CD00DC4842 /* AceliteConstants.swift */; };
		8691E0F229B2B877002C6E05 /* SubmitBatteryFilesWithSOCModel.swift in Sources */ = {isa = PBXBuildFile; fileRef = 8691E0F129B2B877002C6E05 /* SubmitBatteryFilesWithSOCModel.swift */; };
		869D86AA2968982500503B9C /* BLETableViewCell.swift in Sources */ = {isa = PBXBuildFile; fileRef = 869D86A82968982500503B9C /* BLETableViewCell.swift */; };
		869D86AB2968982500503B9C /* BLETableViewCell.xib in Resources */ = {isa = PBXBuildFile; fileRef = 869D86A92968982500503B9C /* BLETableViewCell.xib */; };
		86A68D4C29AD2A3C000F2188 /* GetS3PreSingedViewModel.swift in Sources */ = {isa = PBXBuildFile; fileRef = 86A68D4B29AD2A3C000F2188 /* GetS3PreSingedViewModel.swift */; };
		86A68D4E29B0350D000F2188 /* MultipartRequest.swift in Sources */ = {isa = PBXBuildFile; fileRef = 86A68D4D29B0350D000F2188 /* MultipartRequest.swift */; };
		86A68D5029B108C2000F2188 /* BatteryDataFileSubmitModel.swift in Sources */ = {isa = PBXBuildFile; fileRef = 86A68D4F29B108C2000F2188 /* BatteryDataFileSubmitModel.swift */; };
		86AF929429B585AF00FDA4C3 /* InfoPopUpViewController.swift in Sources */ = {isa = PBXBuildFile; fileRef = 86AF929329B585AF00FDA4C3 /* InfoPopUpViewController.swift */; };
		86B169E529B549E80024EFFF /* CustomAlertView.xib in Resources */ = {isa = PBXBuildFile; fileRef = 86B169E429B549E80024EFFF /* CustomAlertView.xib */; };
		86B169E729B54FCD0024EFFF /* CustomAlertView.swift in Sources */ = {isa = PBXBuildFile; fileRef = 86B169E629B54FCD0024EFFF /* CustomAlertView.swift */; };
		86B908A0297079A9001CAB90 /* WorkOrderViewController.swift in Sources */ = {isa = PBXBuildFile; fileRef = 86B9089F297079A9001CAB90 /* WorkOrderViewController.swift */; };
		86B908A22970854A001CAB90 /* TestingViewController.swift in Sources */ = {isa = PBXBuildFile; fileRef = 86B908A12970854A001CAB90 /* TestingViewController.swift */; };
/* End PBXBuildFile section */

/* Begin PBXContainerItemProxy section */
		861E6EDD2953789D00443F12 /* PBXContainerItemProxy */ = {
			isa = PBXContainerItemProxy;
			containerPortal = 861E6EBE2953789B00443F12 /* Project object */;
			proxyType = 1;
			remoteGlobalIDString = 861E6EC52953789B00443F12;
			remoteInfo = Acelite;
		};
		861E6EE72953789D00443F12 /* PBXContainerItemProxy */ = {
			isa = PBXContainerItemProxy;
			containerPortal = 861E6EBE2953789B00443F12 /* Project object */;
			proxyType = 1;
			remoteGlobalIDString = 861E6EC52953789B00443F12;
			remoteInfo = Acelite;
		};
/* End PBXContainerItemProxy section */

/* Begin PBXFileReference section */
		861E6EC62953789B00443F12 /* Acelite.app */ = {isa = PBXFileReference; explicitFileType = wrapper.application; includeInIndex = 0; path = Acelite.app; sourceTree = BUILT_PRODUCTS_DIR; };
		861E6EC92953789B00443F12 /* AppDelegate.swift */ = {isa = PBXFileReference; lastKnownFileType = sourcecode.swift; path = AppDelegate.swift; sourceTree = "<group>"; };
		861E6ECB2953789B00443F12 /* SceneDelegate.swift */ = {isa = PBXFileReference; lastKnownFileType = sourcecode.swift; path = SceneDelegate.swift; sourceTree = "<group>"; };
		861E6ECD2953789B00443F12 /* ViewController.swift */ = {isa = PBXFileReference; lastKnownFileType = sourcecode.swift; path = ViewController.swift; sourceTree = "<group>"; };
		861E6ED22953789D00443F12 /* Assets.xcassets */ = {isa = PBXFileReference; lastKnownFileType = folder.assetcatalog; path = Assets.xcassets; sourceTree = "<group>"; };
		861E6ED52953789D00443F12 /* Base */ = {isa = PBXFileReference; lastKnownFileType = file.storyboard; name = Base; path = Base.lproj/LaunchScreen.storyboard; sourceTree = "<group>"; };
		861E6ED72953789D00443F12 /* Info.plist */ = {isa = PBXFileReference; lastKnownFileType = text.plist.xml; path = Info.plist; sourceTree = "<group>"; };
		861E6EDC2953789D00443F12 /* AceliteTests.xctest */ = {isa = PBXFileReference; explicitFileType = wrapper.cfbundle; includeInIndex = 0; path = AceliteTests.xctest; sourceTree = BUILT_PRODUCTS_DIR; };
		861E6EE02953789D00443F12 /* AceliteTests.swift */ = {isa = PBXFileReference; lastKnownFileType = sourcecode.swift; path = AceliteTests.swift; sourceTree = "<group>"; };
		861E6EE62953789D00443F12 /* AceliteUITests.xctest */ = {isa = PBXFileReference; explicitFileType = wrapper.cfbundle; includeInIndex = 0; path = AceliteUITests.xctest; sourceTree = BUILT_PRODUCTS_DIR; };
		861E6EEA2953789D00443F12 /* AceliteUITests.swift */ = {isa = PBXFileReference; lastKnownFileType = sourcecode.swift; path = AceliteUITests.swift; sourceTree = "<group>"; };
		861E6EEC2953789D00443F12 /* AceliteUITestsLaunchTests.swift */ = {isa = PBXFileReference; lastKnownFileType = sourcecode.swift; path = AceliteUITestsLaunchTests.swift; sourceTree = "<group>"; };
		861E6EFB29561D1A00443F12 /* VehicalInformationViewController.swift */ = {isa = PBXFileReference; lastKnownFileType = sourcecode.swift; path = VehicalInformationViewController.swift; sourceTree = "<group>"; };
		861E6EFE2957733000443F12 /* MainViewController.swift */ = {isa = PBXFileReference; lastKnownFileType = sourcecode.swift; path = MainViewController.swift; sourceTree = "<group>"; };
		861E6F002957736700443F12 /* SideMenuViewController.swift */ = {isa = PBXFileReference; lastKnownFileType = sourcecode.swift; path = SideMenuViewController.swift; sourceTree = "<group>"; };
		861E6F022957737D00443F12 /* SideMenuModel.swift */ = {isa = PBXFileReference; lastKnownFileType = sourcecode.swift; path = SideMenuModel.swift; sourceTree = "<group>"; };
		861E6F05295773C100443F12 /* SideMenuCell.swift */ = {isa = PBXFileReference; lastKnownFileType = sourcecode.swift; path = SideMenuCell.swift; sourceTree = "<group>"; };
		861E6F06295773C100443F12 /* SideMenuCell.xib */ = {isa = PBXFileReference; lastKnownFileType = file.xib; path = SideMenuCell.xib; sourceTree = "<group>"; };
		861E6F09295778A000443F12 /* Main.storyboard */ = {isa = PBXFileReference; fileEncoding = 4; lastKnownFileType = file.storyboard; path = Main.storyboard; sourceTree = "<group>"; };
		861E6F0C295E08B300443F12 /* ScannerViewController.swift */ = {isa = PBXFileReference; lastKnownFileType = sourcecode.swift; path = ScannerViewController.swift; sourceTree = "<group>"; };
		861E6F10295E118000443F12 /* CoreBluetooth.framework */ = {isa = PBXFileReference; lastKnownFileType = wrapper.framework; name = CoreBluetooth.framework; path = System/Library/Frameworks/CoreBluetooth.framework; sourceTree = SDKROOT; };
		861E6F12295E11BE00443F12 /* ScanBleDevicesViewController.swift */ = {isa = PBXFileReference; lastKnownFileType = sourcecode.swift; path = ScanBleDevicesViewController.swift; sourceTree = "<group>"; };
		8639046729940178008D5A0A /* Themes+Colors.swift */ = {isa = PBXFileReference; lastKnownFileType = sourcecode.swift; path = "Themes+Colors.swift"; sourceTree = "<group>"; };
		86390469299557B2008D5A0A /* DataManager.swift */ = {isa = PBXFileReference; lastKnownFileType = sourcecode.swift; path = DataManager.swift; sourceTree = "<group>"; };
		8639046B29957ED0008D5A0A /* AceLiteBleWriteCallback.swift */ = {isa = PBXFileReference; lastKnownFileType = sourcecode.swift; path = AceLiteBleWriteCallback.swift; sourceTree = "<group>"; };
		8639046D29957F43008D5A0A /* AceLiteBleNotifyCallback.swift */ = {isa = PBXFileReference; lastKnownFileType = sourcecode.swift; path = AceLiteBleNotifyCallback.swift; sourceTree = "<group>"; };
		86636DC629785A14001240FB /* BluetoothServices.swift */ = {isa = PBXFileReference; lastKnownFileType = sourcecode.swift; path = BluetoothServices.swift; sourceTree = "<group>"; };
		86636DC8297B0AA2001240FB /* TerminalViewController.swift */ = {isa = PBXFileReference; lastKnownFileType = sourcecode.swift; path = TerminalViewController.swift; sourceTree = "<group>"; };
		866CDB4B2982F63700ADFB50 /* VehicalDetailsModel.swift */ = {isa = PBXFileReference; lastKnownFileType = sourcecode.swift; path = VehicalDetailsModel.swift; sourceTree = "<group>"; };
		866CDB4E2982FC1200ADFB50 /* BuildConfig.swift */ = {isa = PBXFileReference; lastKnownFileType = sourcecode.swift; path = BuildConfig.swift; sourceTree = "<group>"; };
		866CDB502982FCC100ADFB50 /* Constants.swift */ = {isa = PBXFileReference; lastKnownFileType = sourcecode.swift; path = Constants.swift; sourceTree = "<group>"; };
		866CDB532982FD3400ADFB50 /* AceLiteServices.swift */ = {isa = PBXFileReference; lastKnownFileType = sourcecode.swift; path = AceLiteServices.swift; sourceTree = "<group>"; };
		866CDB56298AD3BE00ADFB50 /* schema.json */ = {isa = PBXFileReference; fileEncoding = 4; lastKnownFileType = text.json; path = schema.json; sourceTree = "<group>"; };
		866CDB59298AD44400ADFB50 /* Queries.graphql */ = {isa = PBXFileReference; fileEncoding = 4; lastKnownFileType = text; path = Queries.graphql; sourceTree = "<group>"; };
		866CDB5B298AD4B600ADFB50 /* API.swift */ = {isa = PBXFileReference; fileEncoding = 4; lastKnownFileType = sourcecode.swift; name = API.swift; path = Acelite/API.swift; sourceTree = SOURCE_ROOT; };
		866CDB60298C206E00ADFB50 /* VehicleInformationViewModel.swift */ = {isa = PBXFileReference; lastKnownFileType = sourcecode.swift; path = VehicleInformationViewModel.swift; sourceTree = "<group>"; };
		866CDB64298CB02700ADFB50 /* SpinnerViewController.swift */ = {isa = PBXFileReference; lastKnownFileType = sourcecode.swift; path = SpinnerViewController.swift; sourceTree = "<group>"; };
		866CDB69298D743E00ADFB50 /* TestViewModel.swift */ = {isa = PBXFileReference; lastKnownFileType = sourcecode.swift; path = TestViewModel.swift; sourceTree = "<group>"; };
		867B607F29A937CE0050411C /* ExportAsCSV.swift */ = {isa = PBXFileReference; lastKnownFileType = sourcecode.swift; path = ExportAsCSV.swift; sourceTree = "<group>"; };
		867BBF7829673D7400DC4842 /* AceliteColors.swift */ = {isa = PBXFileReference; lastKnownFileType = sourcecode.swift; path = AceliteColors.swift; sourceTree = "<group>"; };
		867BBF7A296744CD00DC4842 /* AceliteConstants.swift */ = {isa = PBXFileReference; lastKnownFileType = sourcecode.swift; path = AceliteConstants.swift; sourceTree = "<group>"; };
		8691E0F129B2B877002C6E05 /* SubmitBatteryFilesWithSOCModel.swift */ = {isa = PBXFileReference; lastKnownFileType = sourcecode.swift; path = SubmitBatteryFilesWithSOCModel.swift; sourceTree = "<group>"; };
		869D86A82968982500503B9C /* BLETableViewCell.swift */ = {isa = PBXFileReference; lastKnownFileType = sourcecode.swift; path = BLETableViewCell.swift; sourceTree = "<group>"; };
		869D86A92968982500503B9C /* BLETableViewCell.xib */ = {isa = PBXFileReference; lastKnownFileType = file.xib; path = BLETableViewCell.xib; sourceTree = "<group>"; };
		86A68D4B29AD2A3C000F2188 /* GetS3PreSingedViewModel.swift */ = {isa = PBXFileReference; lastKnownFileType = sourcecode.swift; path = GetS3PreSingedViewModel.swift; sourceTree = "<group>"; };
		86A68D4D29B0350D000F2188 /* MultipartRequest.swift */ = {isa = PBXFileReference; lastKnownFileType = sourcecode.swift; path = MultipartRequest.swift; sourceTree = "<group>"; };
		86A68D4F29B108C2000F2188 /* BatteryDataFileSubmitModel.swift */ = {isa = PBXFileReference; lastKnownFileType = sourcecode.swift; path = BatteryDataFileSubmitModel.swift; sourceTree = "<group>"; };
		86AF929329B585AF00FDA4C3 /* InfoPopUpViewController.swift */ = {isa = PBXFileReference; lastKnownFileType = sourcecode.swift; path = InfoPopUpViewController.swift; sourceTree = "<group>"; };
		86B169E429B549E80024EFFF /* CustomAlertView.xib */ = {isa = PBXFileReference; lastKnownFileType = file.xib; path = CustomAlertView.xib; sourceTree = "<group>"; };
		86B169E629B54FCD0024EFFF /* CustomAlertView.swift */ = {isa = PBXFileReference; lastKnownFileType = sourcecode.swift; path = CustomAlertView.swift; sourceTree = "<group>"; };
		86B9089F297079A9001CAB90 /* WorkOrderViewController.swift */ = {isa = PBXFileReference; lastKnownFileType = sourcecode.swift; path = WorkOrderViewController.swift; sourceTree = "<group>"; };
		86B908A12970854A001CAB90 /* TestingViewController.swift */ = {isa = PBXFileReference; lastKnownFileType = sourcecode.swift; path = TestingViewController.swift; sourceTree = "<group>"; };
/* End PBXFileReference section */

/* Begin PBXFrameworksBuildPhase section */
		861E6EC32953789B00443F12 /* Frameworks */ = {
			isa = PBXFrameworksBuildPhase;
			buildActionMask = 2147483647;
			files = (
				861E6F11295E118000443F12 /* CoreBluetooth.framework in Frameworks */,
				866CDB492982E80400ADFB50 /* Apollo in Frameworks */,
			);
			runOnlyForDeploymentPostprocessing = 0;
		};
		861E6ED92953789D00443F12 /* Frameworks */ = {
			isa = PBXFrameworksBuildPhase;
			buildActionMask = 2147483647;
			files = (
			);
			runOnlyForDeploymentPostprocessing = 0;
		};
		861E6EE32953789D00443F12 /* Frameworks */ = {
			isa = PBXFrameworksBuildPhase;
			buildActionMask = 2147483647;
			files = (
			);
			runOnlyForDeploymentPostprocessing = 0;
		};
/* End PBXFrameworksBuildPhase section */

/* Begin PBXGroup section */
		861E6EBD2953789B00443F12 = {
			isa = PBXGroup;
			children = (
				861E6EC82953789B00443F12 /* Acelite */,
				861E6EDF2953789D00443F12 /* AceliteTests */,
				861E6EE92953789D00443F12 /* AceliteUITests */,
				861E6EC72953789B00443F12 /* Products */,
				861E6F0F295E118000443F12 /* Frameworks */,
			);
			sourceTree = "<group>";
		};
		861E6EC72953789B00443F12 /* Products */ = {
			isa = PBXGroup;
			children = (
				861E6EC62953789B00443F12 /* Acelite.app */,
				861E6EDC2953789D00443F12 /* AceliteTests.xctest */,
				861E6EE62953789D00443F12 /* AceliteUITests.xctest */,
			);
			name = Products;
			sourceTree = "<group>";
		};
		861E6EC82953789B00443F12 /* Acelite */ = {
			isa = PBXGroup;
			children = (
				866CDB66298D73A000ADFB50 /* TestingViewController */,
				866CDB63298CAFF100ADFB50 /* ResusableComponents */,
				866CDB5D298C202600ADFB50 /* Vehicle */,
				866CDB58298AD41600ADFB50 /* GraphQL */,
				866CDB522982FD1700ADFB50 /* Services */,
				866CDB4D2982FC0600ADFB50 /* Utils */,
				866CDB4A2982F60300ADFB50 /* Models */,
				861E6F0E295E0F6F00443F12 /* BLEDevices */,
				861E6F0B295E089400443F12 /* Scanner */,
				861E6EFD295770AF00443F12 /* SideMenu */,
				861E6EC92953789B00443F12 /* AppDelegate.swift */,
				861E6ECB2953789B00443F12 /* SceneDelegate.swift */,
				866CDB56298AD3BE00ADFB50 /* schema.json */,
				866CDB59298AD44400ADFB50 /* Queries.graphql */,
				861E6ECD2953789B00443F12 /* ViewController.swift */,
				861E6ED22953789D00443F12 /* Assets.xcassets */,
				861E6F09295778A000443F12 /* Main.storyboard */,
				861E6ED42953789D00443F12 /* LaunchScreen.storyboard */,
				861E6ED72953789D00443F12 /* Info.plist */,
				867BBF7829673D7400DC4842 /* AceliteColors.swift */,
				867BBF7A296744CD00DC4842 /* AceliteConstants.swift */,
				86B9089F297079A9001CAB90 /* WorkOrderViewController.swift */,
				86636DC8297B0AA2001240FB /* TerminalViewController.swift */,
				86AF929329B585AF00FDA4C3 /* InfoPopUpViewController.swift */,
			);
			path = Acelite;
			sourceTree = "<group>";
		};
		861E6EDF2953789D00443F12 /* AceliteTests */ = {
			isa = PBXGroup;
			children = (
				861E6EE02953789D00443F12 /* AceliteTests.swift */,
			);
			path = AceliteTests;
			sourceTree = "<group>";
		};
		861E6EE92953789D00443F12 /* AceliteUITests */ = {
			isa = PBXGroup;
			children = (
				861E6EEA2953789D00443F12 /* AceliteUITests.swift */,
				861E6EEC2953789D00443F12 /* AceliteUITestsLaunchTests.swift */,
			);
			path = AceliteUITests;
			sourceTree = "<group>";
		};
		861E6EFD295770AF00443F12 /* SideMenu */ = {
			isa = PBXGroup;
			children = (
				861E6F042957739C00443F12 /* SideMenuCell */,
				861E6EFE2957733000443F12 /* MainViewController.swift */,
				861E6F002957736700443F12 /* SideMenuViewController.swift */,
				861E6F022957737D00443F12 /* SideMenuModel.swift */,
			);
			path = SideMenu;
			sourceTree = "<group>";
		};
		861E6F042957739C00443F12 /* SideMenuCell */ = {
			isa = PBXGroup;
			children = (
				861E6F05295773C100443F12 /* SideMenuCell.swift */,
				861E6F06295773C100443F12 /* SideMenuCell.xib */,
			);
			path = SideMenuCell;
			sourceTree = "<group>";
		};
		861E6F0B295E089400443F12 /* Scanner */ = {
			isa = PBXGroup;
			children = (
				861E6F0C295E08B300443F12 /* ScannerViewController.swift */,
			);
			path = Scanner;
			sourceTree = "<group>";
		};
		861E6F0E295E0F6F00443F12 /* BLEDevices */ = {
			isa = PBXGroup;
			children = (
				861E6F12295E11BE00443F12 /* ScanBleDevicesViewController.swift */,
				869D86A82968982500503B9C /* BLETableViewCell.swift */,
				869D86A92968982500503B9C /* BLETableViewCell.xib */,
				86636DC629785A14001240FB /* BluetoothServices.swift */,
			);
			path = BLEDevices;
			sourceTree = "<group>";
		};
		861E6F0F295E118000443F12 /* Frameworks */ = {
			isa = PBXGroup;
			children = (
				861E6F10295E118000443F12 /* CoreBluetooth.framework */,
			);
			name = Frameworks;
			sourceTree = "<group>";
		};
		866CDB4A2982F60300ADFB50 /* Models */ = {
			isa = PBXGroup;
			children = (
				866CDB4B2982F63700ADFB50 /* VehicalDetailsModel.swift */,
			);
			path = Models;
			sourceTree = "<group>";
		};
		866CDB4D2982FC0600ADFB50 /* Utils */ = {
			isa = PBXGroup;
			children = (
				866CDB4E2982FC1200ADFB50 /* BuildConfig.swift */,
				866CDB502982FCC100ADFB50 /* Constants.swift */,
				8639046729940178008D5A0A /* Themes+Colors.swift */,
				867B607F29A937CE0050411C /* ExportAsCSV.swift */,
			);
			path = Utils;
			sourceTree = "<group>";
		};
		866CDB522982FD1700ADFB50 /* Services */ = {
			isa = PBXGroup;
			children = (
			);
			name = Services;
			sourceTree = "<group>";
		};
		866CDB58298AD41600ADFB50 /* GraphQL */ = {
			isa = PBXGroup;
			children = (
				866CDB532982FD3400ADFB50 /* AceLiteServices.swift */,
				866CDB5B298AD4B600ADFB50 /* API.swift */,
			);
			path = GraphQL;
			sourceTree = "<group>";
		};
		866CDB5D298C202600ADFB50 /* Vehicle */ = {
			isa = PBXGroup;
			children = (
				866CDB5F298C204E00ADFB50 /* ViewModel */,
				866CDB5E298C204400ADFB50 /* View */,
			);
			path = Vehicle;
			sourceTree = "<group>";
		};
		866CDB5E298C204400ADFB50 /* View */ = {
			isa = PBXGroup;
			children = (
				861E6EFB29561D1A00443F12 /* VehicalInformationViewController.swift */,
			);
			path = View;
			sourceTree = "<group>";
		};
		866CDB5F298C204E00ADFB50 /* ViewModel */ = {
			isa = PBXGroup;
			children = (
				866CDB60298C206E00ADFB50 /* VehicleInformationViewModel.swift */,
			);
			path = ViewModel;
			sourceTree = "<group>";
		};
		866CDB63298CAFF100ADFB50 /* ResusableComponents */ = {
			isa = PBXGroup;
			children = (
				866CDB64298CB02700ADFB50 /* SpinnerViewController.swift */,
				86B169E429B549E80024EFFF /* CustomAlertView.xib */,
				86B169E629B54FCD0024EFFF /* CustomAlertView.swift */,
			);
			path = ResusableComponents;
			sourceTree = "<group>";
		};
		866CDB66298D73A000ADFB50 /* TestingViewController */ = {
			isa = PBXGroup;
			children = (
				866CDB68298D740E00ADFB50 /* ViewModel */,
				866CDB67298D740600ADFB50 /* View */,
				86A68D4B29AD2A3C000F2188 /* GetS3PreSingedViewModel.swift */,
			);
			path = TestingViewController;
			sourceTree = "<group>";
		};
		866CDB67298D740600ADFB50 /* View */ = {
			isa = PBXGroup;
			children = (
				86B908A12970854A001CAB90 /* TestingViewController.swift */,
				8691E0F129B2B877002C6E05 /* SubmitBatteryFilesWithSOCModel.swift */,
			);
			path = View;
			sourceTree = "<group>";
		};
		866CDB68298D740E00ADFB50 /* ViewModel */ = {
			isa = PBXGroup;
			children = (
				866CDB69298D743E00ADFB50 /* TestViewModel.swift */,
				86390469299557B2008D5A0A /* DataManager.swift */,
				8639046B29957ED0008D5A0A /* AceLiteBleWriteCallback.swift */,
				8639046D29957F43008D5A0A /* AceLiteBleNotifyCallback.swift */,
				86A68D4D29B0350D000F2188 /* MultipartRequest.swift */,
				86A68D4F29B108C2000F2188 /* BatteryDataFileSubmitModel.swift */,
			);
			path = ViewModel;
			sourceTree = "<group>";
		};
/* End PBXGroup section */

/* Begin PBXNativeTarget section */
		861E6EC52953789B00443F12 /* Acelite */ = {
			isa = PBXNativeTarget;
			buildConfigurationList = 861E6EF02953789D00443F12 /* Build configuration list for PBXNativeTarget "Acelite" */;
			buildPhases = (
				866CDB55298AD34600ADFB50 /* Apollo */,
				861E6EC22953789B00443F12 /* Sources */,
				861E6EC32953789B00443F12 /* Frameworks */,
				861E6EC42953789B00443F12 /* Resources */,
			);
			buildRules = (
			);
			dependencies = (
			);
			name = Acelite;
			packageProductDependencies = (
				866CDB482982E80400ADFB50 /* Apollo */,
			);
			productName = Acelite;
			productReference = 861E6EC62953789B00443F12 /* Acelite.app */;
			productType = "com.apple.product-type.application";
		};
		861E6EDB2953789D00443F12 /* AceliteTests */ = {
			isa = PBXNativeTarget;
			buildConfigurationList = 861E6EF32953789D00443F12 /* Build configuration list for PBXNativeTarget "AceliteTests" */;
			buildPhases = (
				861E6ED82953789D00443F12 /* Sources */,
				861E6ED92953789D00443F12 /* Frameworks */,
				861E6EDA2953789D00443F12 /* Resources */,
			);
			buildRules = (
			);
			dependencies = (
				861E6EDE2953789D00443F12 /* PBXTargetDependency */,
			);
			name = AceliteTests;
			productName = AceliteTests;
			productReference = 861E6EDC2953789D00443F12 /* AceliteTests.xctest */;
			productType = "com.apple.product-type.bundle.unit-test";
		};
		861E6EE52953789D00443F12 /* AceliteUITests */ = {
			isa = PBXNativeTarget;
			buildConfigurationList = 861E6EF62953789D00443F12 /* Build configuration list for PBXNativeTarget "AceliteUITests" */;
			buildPhases = (
				861E6EE22953789D00443F12 /* Sources */,
				861E6EE32953789D00443F12 /* Frameworks */,
				861E6EE42953789D00443F12 /* Resources */,
			);
			buildRules = (
			);
			dependencies = (
				861E6EE82953789D00443F12 /* PBXTargetDependency */,
			);
			name = AceliteUITests;
			productName = AceliteUITests;
			productReference = 861E6EE62953789D00443F12 /* AceliteUITests.xctest */;
			productType = "com.apple.product-type.bundle.ui-testing";
		};
/* End PBXNativeTarget section */

/* Begin PBXProject section */
		861E6EBE2953789B00443F12 /* Project object */ = {
			isa = PBXProject;
			attributes = {
				BuildIndependentTargetsInParallel = 1;
				LastSwiftUpdateCheck = 1320;
				LastUpgradeCheck = 1320;
				TargetAttributes = {
					861E6EC52953789B00443F12 = {
						CreatedOnToolsVersion = 13.2.1;
					};
					861E6EDB2953789D00443F12 = {
						CreatedOnToolsVersion = 13.2.1;
						TestTargetID = 861E6EC52953789B00443F12;
					};
					861E6EE52953789D00443F12 = {
						CreatedOnToolsVersion = 13.2.1;
						TestTargetID = 861E6EC52953789B00443F12;
					};
				};
			};
			buildConfigurationList = 861E6EC12953789B00443F12 /* Build configuration list for PBXProject "Acelite" */;
			compatibilityVersion = "Xcode 9.3";
			developmentRegion = en;
			hasScannedForEncodings = 0;
			knownRegions = (
				en,
				Base,
			);
			mainGroup = 861E6EBD2953789B00443F12;
			packageReferences = (
				866CDB472982E80400ADFB50 /* XCRemoteSwiftPackageReference "apollo-ios" */,
			);
			productRefGroup = 861E6EC72953789B00443F12 /* Products */;
			projectDirPath = "";
			projectRoot = "";
			targets = (
				861E6EC52953789B00443F12 /* Acelite */,
				861E6EDB2953789D00443F12 /* AceliteTests */,
				861E6EE52953789D00443F12 /* AceliteUITests */,
			);
		};
/* End PBXProject section */

/* Begin PBXResourcesBuildPhase section */
		861E6EC42953789B00443F12 /* Resources */ = {
			isa = PBXResourcesBuildPhase;
			buildActionMask = 2147483647;
			files = (
				861E6ED62953789D00443F12 /* LaunchScreen.storyboard in Resources */,
				866CDB5A298AD44400ADFB50 /* Queries.graphql in Resources */,
				86B169E529B549E80024EFFF /* CustomAlertView.xib in Resources */,
				869D86AB2968982500503B9C /* BLETableViewCell.xib in Resources */,
				861E6F0A295778A100443F12 /* Main.storyboard in Resources */,
				861E6ED32953789D00443F12 /* Assets.xcassets in Resources */,
				866CDB57298AD3BE00ADFB50 /* schema.json in Resources */,
				861E6F08295773C100443F12 /* SideMenuCell.xib in Resources */,
			);
			runOnlyForDeploymentPostprocessing = 0;
		};
		861E6EDA2953789D00443F12 /* Resources */ = {
			isa = PBXResourcesBuildPhase;
			buildActionMask = 2147483647;
			files = (
			);
			runOnlyForDeploymentPostprocessing = 0;
		};
		861E6EE42953789D00443F12 /* Resources */ = {
			isa = PBXResourcesBuildPhase;
			buildActionMask = 2147483647;
			files = (
			);
			runOnlyForDeploymentPostprocessing = 0;
		};
/* End PBXResourcesBuildPhase section */

/* Begin PBXShellScriptBuildPhase section */
		866CDB55298AD34600ADFB50 /* Apollo */ = {
			isa = PBXShellScriptBuildPhase;
			buildActionMask = 2147483647;
			files = (
			);
			inputFileListPaths = (
			);
			inputPaths = (
			);
			name = Apollo;
			outputFileListPaths = (
			);
			outputPaths = (
			);
			runOnlyForDeploymentPostprocessing = 0;
			shellPath = /bin/sh;
			shellScript = "# Type a script or drag a script file from your workspace to insert its path.\n\n# Go to the build root and search up the chain to find the Derived Data Path where the source packages are checked out.\nDERIVED_DATA_CANDIDATE=\"${BUILD_ROOT}\"\n\nwhile ! [ -d \"${DERIVED_DATA_CANDIDATE}/SourcePackages\" ]; do\n  if [ \"${DERIVED_DATA_CANDIDATE}\" = / ]; then\n    echo >&2 \"error: Unable to locate SourcePackages directory from BUILD_ROOT: '${BUILD_ROOT}'\"\n    exit 1\n  fi\n\n  DERIVED_DATA_CANDIDATE=\"$(dirname \"${DERIVED_DATA_CANDIDATE}\")\"\ndone\n\n# Grab a reference to the directory where scripts are checked out\nSCRIPT_PATH=\"${DERIVED_DATA_CANDIDATE}/SourcePackages/checkouts/apollo-ios/scripts\"\n\nif [ -z \"${SCRIPT_PATH}\" ]; then\n    echo >&2 \"error: Couldn't find the CLI script in your checked out SPM packages; make sure to add the framework to your project.\"\n    exit 1\nfi\n\ncd \"${SRCROOT}/${TARGET_NAME}\"\n\"${SCRIPT_PATH}\"/run-bundled-codegen.sh codegen:generate --target=swift --includes=./**/*.graphql --localSchemaFile=\"schema.json\" API.swift\n\n#\"${SCRIPT_PATH}\"/run-bundled-codegen.sh schema:download --endpoint=\"https://api.fleet.io.nonprod.caioptimizations.com/graphql\" --header=\"x-api-key: 0FPKgwbkWP6wkOov1jTFO2BLfWhesqBY8dPBZB45\"\n\n\n";
		};
/* End PBXShellScriptBuildPhase section */

/* Begin PBXSourcesBuildPhase section */
		861E6EC22953789B00443F12 /* Sources */ = {
			isa = PBXSourcesBuildPhase;
			buildActionMask = 2147483647;
			files = (
				866CDB5C298AD4B600ADFB50 /* API.swift in Sources */,
				8639046829940178008D5A0A /* Themes+Colors.swift in Sources */,
				86A68D5029B108C2000F2188 /* BatteryDataFileSubmitModel.swift in Sources */,
				867BBF7B296744CD00DC4842 /* AceliteConstants.swift in Sources */,
				86636DC9297B0AA2001240FB /* TerminalViewController.swift in Sources */,
				866CDB61298C206E00ADFB50 /* VehicleInformationViewModel.swift in Sources */,
				866CDB65298CB02700ADFB50 /* SpinnerViewController.swift in Sources */,
				861E6F032957737D00443F12 /* SideMenuModel.swift in Sources */,
				861E6ECE2953789B00443F12 /* ViewController.swift in Sources */,
				869D86AA2968982500503B9C /* BLETableViewCell.swift in Sources */,
				8639046E29957F43008D5A0A /* AceLiteBleNotifyCallback.swift in Sources */,
				866CDB4F2982FC1200ADFB50 /* BuildConfig.swift in Sources */,
				86A68D4C29AD2A3C000F2188 /* GetS3PreSingedViewModel.swift in Sources */,
				8691E0F229B2B877002C6E05 /* SubmitBatteryFilesWithSOCModel.swift in Sources */,
				8639046A299557B2008D5A0A /* DataManager.swift in Sources */,
				86B169E729B54FCD0024EFFF /* CustomAlertView.swift in Sources */,
				866CDB4C2982F63700ADFB50 /* VehicalDetailsModel.swift in Sources */,
				86B908A0297079A9001CAB90 /* WorkOrderViewController.swift in Sources */,
				861E6ECA2953789B00443F12 /* AppDelegate.swift in Sources */,
				86AF929429B585AF00FDA4C3 /* InfoPopUpViewController.swift in Sources */,
				866CDB6A298D743E00ADFB50 /* TestViewModel.swift in Sources */,
				861E6EFC29561D1A00443F12 /* VehicalInformationViewController.swift in Sources */,
				861E6F0D295E08B300443F12 /* ScannerViewController.swift in Sources */,
				861E6ECC2953789B00443F12 /* SceneDelegate.swift in Sources */,
				86B908A22970854A001CAB90 /* TestingViewController.swift in Sources */,
				867B608029A937CE0050411C /* ExportAsCSV.swift in Sources */,
				861E6F012957736700443F12 /* SideMenuViewController.swift in Sources */,
				861E6EFF2957733000443F12 /* MainViewController.swift in Sources */,
				866CDB542982FD3400ADFB50 /* AceLiteServices.swift in Sources */,
				8639046C29957ED1008D5A0A /* AceLiteBleWriteCallback.swift in Sources */,
				866CDB512982FCC100ADFB50 /* Constants.swift in Sources */,
				86636DC729785A14001240FB /* BluetoothServices.swift in Sources */,
				86A68D4E29B0350D000F2188 /* MultipartRequest.swift in Sources */,
				861E6F07295773C100443F12 /* SideMenuCell.swift in Sources */,
				867BBF7929673D7400DC4842 /* AceliteColors.swift in Sources */,
				861E6F13295E11BE00443F12 /* ScanBleDevicesViewController.swift in Sources */,
			);
			runOnlyForDeploymentPostprocessing = 0;
		};
		861E6ED82953789D00443F12 /* Sources */ = {
			isa = PBXSourcesBuildPhase;
			buildActionMask = 2147483647;
			files = (
				861E6EE12953789D00443F12 /* AceliteTests.swift in Sources */,
			);
			runOnlyForDeploymentPostprocessing = 0;
		};
		861E6EE22953789D00443F12 /* Sources */ = {
			isa = PBXSourcesBuildPhase;
			buildActionMask = 2147483647;
			files = (
				861E6EED2953789D00443F12 /* AceliteUITestsLaunchTests.swift in Sources */,
				861E6EEB2953789D00443F12 /* AceliteUITests.swift in Sources */,
			);
			runOnlyForDeploymentPostprocessing = 0;
		};
/* End PBXSourcesBuildPhase section */

/* Begin PBXTargetDependency section */
		861E6EDE2953789D00443F12 /* PBXTargetDependency */ = {
			isa = PBXTargetDependency;
			target = 861E6EC52953789B00443F12 /* Acelite */;
			targetProxy = 861E6EDD2953789D00443F12 /* PBXContainerItemProxy */;
		};
		861E6EE82953789D00443F12 /* PBXTargetDependency */ = {
			isa = PBXTargetDependency;
			target = 861E6EC52953789B00443F12 /* Acelite */;
			targetProxy = 861E6EE72953789D00443F12 /* PBXContainerItemProxy */;
		};
/* End PBXTargetDependency section */

/* Begin PBXVariantGroup section */
		861E6ED42953789D00443F12 /* LaunchScreen.storyboard */ = {
			isa = PBXVariantGroup;
			children = (
				861E6ED52953789D00443F12 /* Base */,
			);
			name = LaunchScreen.storyboard;
			sourceTree = "<group>";
		};
/* End PBXVariantGroup section */

/* Begin XCBuildConfiguration section */
		861E6EEE2953789D00443F12 /* Debug */ = {
			isa = XCBuildConfiguration;
			buildSettings = {
				ALWAYS_SEARCH_USER_PATHS = NO;
				CLANG_ANALYZER_NONNULL = YES;
				CLANG_ANALYZER_NUMBER_OBJECT_CONVERSION = YES_AGGRESSIVE;
				CLANG_CXX_LANGUAGE_STANDARD = "gnu++17";
				CLANG_CXX_LIBRARY = "libc++";
				CLANG_ENABLE_MODULES = YES;
				CLANG_ENABLE_OBJC_ARC = YES;
				CLANG_ENABLE_OBJC_WEAK = YES;
				CLANG_WARN_BLOCK_CAPTURE_AUTORELEASING = YES;
				CLANG_WARN_BOOL_CONVERSION = YES;
				CLANG_WARN_COMMA = YES;
				CLANG_WARN_CONSTANT_CONVERSION = YES;
				CLANG_WARN_DEPRECATED_OBJC_IMPLEMENTATIONS = YES;
				CLANG_WARN_DIRECT_OBJC_ISA_USAGE = YES_ERROR;
				CLANG_WARN_DOCUMENTATION_COMMENTS = YES;
				CLANG_WARN_EMPTY_BODY = YES;
				CLANG_WARN_ENUM_CONVERSION = YES;
				CLANG_WARN_INFINITE_RECURSION = YES;
				CLANG_WARN_INT_CONVERSION = YES;
				CLANG_WARN_NON_LITERAL_NULL_CONVERSION = YES;
				CLANG_WARN_OBJC_IMPLICIT_RETAIN_SELF = YES;
				CLANG_WARN_OBJC_LITERAL_CONVERSION = YES;
				CLANG_WARN_OBJC_ROOT_CLASS = YES_ERROR;
				CLANG_WARN_QUOTED_INCLUDE_IN_FRAMEWORK_HEADER = YES;
				CLANG_WARN_RANGE_LOOP_ANALYSIS = YES;
				CLANG_WARN_STRICT_PROTOTYPES = YES;
				CLANG_WARN_SUSPICIOUS_MOVE = YES;
				CLANG_WARN_UNGUARDED_AVAILABILITY = YES_AGGRESSIVE;
				CLANG_WARN_UNREACHABLE_CODE = YES;
				CLANG_WARN__DUPLICATE_METHOD_MATCH = YES;
				COPY_PHASE_STRIP = NO;
				DEBUG_INFORMATION_FORMAT = dwarf;
				ENABLE_STRICT_OBJC_MSGSEND = YES;
				ENABLE_TESTABILITY = YES;
				GCC_C_LANGUAGE_STANDARD = gnu11;
				GCC_DYNAMIC_NO_PIC = NO;
				GCC_NO_COMMON_BLOCKS = YES;
				GCC_OPTIMIZATION_LEVEL = 0;
				GCC_PREPROCESSOR_DEFINITIONS = (
					"DEBUG=1",
					"$(inherited)",
				);
				GCC_WARN_64_TO_32_BIT_CONVERSION = YES;
				GCC_WARN_ABOUT_RETURN_TYPE = YES_ERROR;
				GCC_WARN_UNDECLARED_SELECTOR = YES;
				GCC_WARN_UNINITIALIZED_AUTOS = YES_AGGRESSIVE;
				GCC_WARN_UNUSED_FUNCTION = YES;
				GCC_WARN_UNUSED_VARIABLE = YES;
				IPHONEOS_DEPLOYMENT_TARGET = 13.0;
				MTL_ENABLE_DEBUG_INFO = INCLUDE_SOURCE;
				MTL_FAST_MATH = YES;
				ONLY_ACTIVE_ARCH = YES;
				SDKROOT = iphoneos;
				SWIFT_ACTIVE_COMPILATION_CONDITIONS = DEBUG;
				SWIFT_OPTIMIZATION_LEVEL = "-Onone";
			};
			name = Debug;
		};
		861E6EEF2953789D00443F12 /* Release */ = {
			isa = XCBuildConfiguration;
			buildSettings = {
				ALWAYS_SEARCH_USER_PATHS = NO;
				CLANG_ANALYZER_NONNULL = YES;
				CLANG_ANALYZER_NUMBER_OBJECT_CONVERSION = YES_AGGRESSIVE;
				CLANG_CXX_LANGUAGE_STANDARD = "gnu++17";
				CLANG_CXX_LIBRARY = "libc++";
				CLANG_ENABLE_MODULES = YES;
				CLANG_ENABLE_OBJC_ARC = YES;
				CLANG_ENABLE_OBJC_WEAK = YES;
				CLANG_WARN_BLOCK_CAPTURE_AUTORELEASING = YES;
				CLANG_WARN_BOOL_CONVERSION = YES;
				CLANG_WARN_COMMA = YES;
				CLANG_WARN_CONSTANT_CONVERSION = YES;
				CLANG_WARN_DEPRECATED_OBJC_IMPLEMENTATIONS = YES;
				CLANG_WARN_DIRECT_OBJC_ISA_USAGE = YES_ERROR;
				CLANG_WARN_DOCUMENTATION_COMMENTS = YES;
				CLANG_WARN_EMPTY_BODY = YES;
				CLANG_WARN_ENUM_CONVERSION = YES;
				CLANG_WARN_INFINITE_RECURSION = YES;
				CLANG_WARN_INT_CONVERSION = YES;
				CLANG_WARN_NON_LITERAL_NULL_CONVERSION = YES;
				CLANG_WARN_OBJC_IMPLICIT_RETAIN_SELF = YES;
				CLANG_WARN_OBJC_LITERAL_CONVERSION = YES;
				CLANG_WARN_OBJC_ROOT_CLASS = YES_ERROR;
				CLANG_WARN_QUOTED_INCLUDE_IN_FRAMEWORK_HEADER = YES;
				CLANG_WARN_RANGE_LOOP_ANALYSIS = YES;
				CLANG_WARN_STRICT_PROTOTYPES = YES;
				CLANG_WARN_SUSPICIOUS_MOVE = YES;
				CLANG_WARN_UNGUARDED_AVAILABILITY = YES_AGGRESSIVE;
				CLANG_WARN_UNREACHABLE_CODE = YES;
				CLANG_WARN__DUPLICATE_METHOD_MATCH = YES;
				COPY_PHASE_STRIP = NO;
				DEBUG_INFORMATION_FORMAT = "dwarf-with-dsym";
				ENABLE_NS_ASSERTIONS = NO;
				ENABLE_STRICT_OBJC_MSGSEND = YES;
				GCC_C_LANGUAGE_STANDARD = gnu11;
				GCC_NO_COMMON_BLOCKS = YES;
				GCC_WARN_64_TO_32_BIT_CONVERSION = YES;
				GCC_WARN_ABOUT_RETURN_TYPE = YES_ERROR;
				GCC_WARN_UNDECLARED_SELECTOR = YES;
				GCC_WARN_UNINITIALIZED_AUTOS = YES_AGGRESSIVE;
				GCC_WARN_UNUSED_FUNCTION = YES;
				GCC_WARN_UNUSED_VARIABLE = YES;
				IPHONEOS_DEPLOYMENT_TARGET = 13.0;
				MTL_ENABLE_DEBUG_INFO = NO;
				MTL_FAST_MATH = YES;
				SDKROOT = iphoneos;
				SWIFT_COMPILATION_MODE = wholemodule;
				SWIFT_OPTIMIZATION_LEVEL = "-O";
				VALIDATE_PRODUCT = YES;
			};
			name = Release;
		};
		861E6EF12953789D00443F12 /* Debug */ = {
			isa = XCBuildConfiguration;
			buildSettings = {
				ASSETCATALOG_COMPILER_APPICON_NAME = AppIcon;
				ASSETCATALOG_COMPILER_GLOBAL_ACCENT_COLOR_NAME = AccentColor;
				CODE_SIGN_STYLE = Automatic;
				CURRENT_PROJECT_VERSION = 1;
				DEVELOPMENT_TEAM = ZGGV82GHKB;
				GENERATE_INFOPLIST_FILE = YES;
				INFOPLIST_FILE = Acelite/Info.plist;
				INFOPLIST_KEY_NSBluetoothAlwaysUsageDescription = "We need to access your bluetooth for scanning ble devices.";
				INFOPLIST_KEY_NSCameraUsageDescription = "We need to access your camera for scanning barcode.";
				INFOPLIST_KEY_UIApplicationSupportsIndirectInputEvents = YES;
				INFOPLIST_KEY_UILaunchStoryboardName = LaunchScreen;
				INFOPLIST_KEY_UIMainStoryboardFile = Main;
				INFOPLIST_KEY_UISupportedInterfaceOrientations_iPad = "UIInterfaceOrientationPortrait UIInterfaceOrientationPortraitUpsideDown UIInterfaceOrientationLandscapeLeft UIInterfaceOrientationLandscapeRight";
				INFOPLIST_KEY_UISupportedInterfaceOrientations_iPhone = "UIInterfaceOrientationPortrait UIInterfaceOrientationLandscapeLeft UIInterfaceOrientationLandscapeRight";
				IPHONEOS_DEPLOYMENT_TARGET = 13.0;
				LD_RUNPATH_SEARCH_PATHS = (
					"$(inherited)",
					"@executable_path/Frameworks",
				);
				MARKETING_VERSION = 1.0;
				PRODUCT_BUNDLE_IDENTIFIER = com.cox.acelite;
				PRODUCT_NAME = "$(TARGET_NAME)";
				SWIFT_EMIT_LOC_STRINGS = YES;
				SWIFT_VERSION = 5.0;
				TARGETED_DEVICE_FAMILY = "1,2";
			};
			name = Debug;
		};
		861E6EF22953789D00443F12 /* Release */ = {
			isa = XCBuildConfiguration;
			buildSettings = {
				ASSETCATALOG_COMPILER_APPICON_NAME = AppIcon;
				ASSETCATALOG_COMPILER_GLOBAL_ACCENT_COLOR_NAME = AccentColor;
				CODE_SIGN_STYLE = Automatic;
				CURRENT_PROJECT_VERSION = 1;
				DEVELOPMENT_TEAM = ZGGV82GHKB;
				GENERATE_INFOPLIST_FILE = YES;
				INFOPLIST_FILE = Acelite/Info.plist;
				INFOPLIST_KEY_NSBluetoothAlwaysUsageDescription = "We need to access your bluetooth for scanning ble devices.";
				INFOPLIST_KEY_NSCameraUsageDescription = "We need to access your camera for scanning barcode.";
				INFOPLIST_KEY_UIApplicationSupportsIndirectInputEvents = YES;
				INFOPLIST_KEY_UILaunchStoryboardName = LaunchScreen;
				INFOPLIST_KEY_UIMainStoryboardFile = Main;
				INFOPLIST_KEY_UISupportedInterfaceOrientations_iPad = "UIInterfaceOrientationPortrait UIInterfaceOrientationPortraitUpsideDown UIInterfaceOrientationLandscapeLeft UIInterfaceOrientationLandscapeRight";
				INFOPLIST_KEY_UISupportedInterfaceOrientations_iPhone = "UIInterfaceOrientationPortrait UIInterfaceOrientationLandscapeLeft UIInterfaceOrientationLandscapeRight";
				IPHONEOS_DEPLOYMENT_TARGET = 13.0;
				LD_RUNPATH_SEARCH_PATHS = (
					"$(inherited)",
					"@executable_path/Frameworks",
				);
				MARKETING_VERSION = 1.0;
				PRODUCT_BUNDLE_IDENTIFIER = com.cox.acelite;
				PRODUCT_NAME = "$(TARGET_NAME)";
				SWIFT_EMIT_LOC_STRINGS = YES;
				SWIFT_VERSION = 5.0;
				TARGETED_DEVICE_FAMILY = "1,2";
			};
			name = Release;
		};
		861E6EF42953789D00443F12 /* Debug */ = {
			isa = XCBuildConfiguration;
			buildSettings = {
				ALWAYS_EMBED_SWIFT_STANDARD_LIBRARIES = YES;
				BUNDLE_LOADER = "$(TEST_HOST)";
				CODE_SIGN_STYLE = Automatic;
				CURRENT_PROJECT_VERSION = 1;
				DEVELOPMENT_TEAM = ZGGV82GHKB;
				GENERATE_INFOPLIST_FILE = YES;
				IPHONEOS_DEPLOYMENT_TARGET = 15.2;
				MARKETING_VERSION = 1.0;
				PRODUCT_BUNDLE_IDENTIFIER = com.cox.acelite.AceliteTests;
				PRODUCT_NAME = "$(TARGET_NAME)";
				SWIFT_EMIT_LOC_STRINGS = NO;
				SWIFT_VERSION = 5.0;
				TARGETED_DEVICE_FAMILY = "1,2";
				TEST_HOST = "$(BUILT_PRODUCTS_DIR)/Acelite.app/Acelite";
			};
			name = Debug;
		};
		861E6EF52953789D00443F12 /* Release */ = {
			isa = XCBuildConfiguration;
			buildSettings = {
				ALWAYS_EMBED_SWIFT_STANDARD_LIBRARIES = YES;
				BUNDLE_LOADER = "$(TEST_HOST)";
				CODE_SIGN_STYLE = Automatic;
				CURRENT_PROJECT_VERSION = 1;
				DEVELOPMENT_TEAM = ZGGV82GHKB;
				GENERATE_INFOPLIST_FILE = YES;
				IPHONEOS_DEPLOYMENT_TARGET = 15.2;
				MARKETING_VERSION = 1.0;
				PRODUCT_BUNDLE_IDENTIFIER = com.cox.acelite.AceliteTests;
				PRODUCT_NAME = "$(TARGET_NAME)";
				SWIFT_EMIT_LOC_STRINGS = NO;
				SWIFT_VERSION = 5.0;
				TARGETED_DEVICE_FAMILY = "1,2";
				TEST_HOST = "$(BUILT_PRODUCTS_DIR)/Acelite.app/Acelite";
			};
			name = Release;
		};
		861E6EF72953789D00443F12 /* Debug */ = {
			isa = XCBuildConfiguration;
			buildSettings = {
				ALWAYS_EMBED_SWIFT_STANDARD_LIBRARIES = YES;
				CODE_SIGN_STYLE = Automatic;
				CURRENT_PROJECT_VERSION = 1;
				DEVELOPMENT_TEAM = ZGGV82GHKB;
				GENERATE_INFOPLIST_FILE = YES;
				MARKETING_VERSION = 1.0;
				PRODUCT_BUNDLE_IDENTIFIER = com.cox.acelite.AceliteUITests;
				PRODUCT_NAME = "$(TARGET_NAME)";
				SWIFT_EMIT_LOC_STRINGS = NO;
				SWIFT_VERSION = 5.0;
				TARGETED_DEVICE_FAMILY = "1,2";
				TEST_TARGET_NAME = Acelite;
			};
			name = Debug;
		};
		861E6EF82953789D00443F12 /* Release */ = {
			isa = XCBuildConfiguration;
			buildSettings = {
				ALWAYS_EMBED_SWIFT_STANDARD_LIBRARIES = YES;
				CODE_SIGN_STYLE = Automatic;
				CURRENT_PROJECT_VERSION = 1;
				DEVELOPMENT_TEAM = ZGGV82GHKB;
				GENERATE_INFOPLIST_FILE = YES;
				MARKETING_VERSION = 1.0;
				PRODUCT_BUNDLE_IDENTIFIER = com.cox.acelite.AceliteUITests;
				PRODUCT_NAME = "$(TARGET_NAME)";
				SWIFT_EMIT_LOC_STRINGS = NO;
				SWIFT_VERSION = 5.0;
				TARGETED_DEVICE_FAMILY = "1,2";
				TEST_TARGET_NAME = Acelite;
			};
			name = Release;
		};
/* End XCBuildConfiguration section */

/* Begin XCConfigurationList section */
		861E6EC12953789B00443F12 /* Build configuration list for PBXProject "Acelite" */ = {
			isa = XCConfigurationList;
			buildConfigurations = (
				861E6EEE2953789D00443F12 /* Debug */,
				861E6EEF2953789D00443F12 /* Release */,
			);
			defaultConfigurationIsVisible = 0;
			defaultConfigurationName = Release;
		};
		861E6EF02953789D00443F12 /* Build configuration list for PBXNativeTarget "Acelite" */ = {
			isa = XCConfigurationList;
			buildConfigurations = (
				861E6EF12953789D00443F12 /* Debug */,
				861E6EF22953789D00443F12 /* Release */,
			);
			defaultConfigurationIsVisible = 0;
			defaultConfigurationName = Release;
		};
		861E6EF32953789D00443F12 /* Build configuration list for PBXNativeTarget "AceliteTests" */ = {
			isa = XCConfigurationList;
			buildConfigurations = (
				861E6EF42953789D00443F12 /* Debug */,
				861E6EF52953789D00443F12 /* Release */,
			);
			defaultConfigurationIsVisible = 0;
			defaultConfigurationName = Release;
		};
		861E6EF62953789D00443F12 /* Build configuration list for PBXNativeTarget "AceliteUITests" */ = {
			isa = XCConfigurationList;
			buildConfigurations = (
				861E6EF72953789D00443F12 /* Debug */,
				861E6EF82953789D00443F12 /* Release */,
			);
			defaultConfigurationIsVisible = 0;
			defaultConfigurationName = Release;
		};
/* End XCConfigurationList section */

/* Begin XCRemoteSwiftPackageReference section */
		866CDB472982E80400ADFB50 /* XCRemoteSwiftPackageReference "apollo-ios" */ = {
			isa = XCRemoteSwiftPackageReference;
			repositoryURL = "https://github.com/apollographql/apollo-ios.git";
			requirement = {
				kind = exactVersion;
				version = 0.51.2;
			};
		};
/* End XCRemoteSwiftPackageReference section */

/* Begin XCSwiftPackageProductDependency section */
		866CDB482982E80400ADFB50 /* Apollo */ = {
			isa = XCSwiftPackageProductDependency;
			package = 866CDB472982E80400ADFB50 /* XCRemoteSwiftPackageReference "apollo-ios" */;
			productName = Apollo;
		};
/* End XCSwiftPackageProductDependency section */
	};
	rootObject = 861E6EBE2953789B00443F12 /* Project object */;
}
